
Microsoft Visual Studio Solution File, Format Version 12.00
Project("{FAE04EC0-301F-11D3-BF4B-00C04F79EFBC}") = "Cpm.Common.Messaging", "Cpm.Common.Messaging\Cpm.Common.Messaging.csproj", "{D70D4D9F-B269-4983-BF47-AD1B30363DF3}"
EndProject
Project("{FAE04EC0-301F-11D3-BF4B-00C04F79EFBC}") = "Cpm.Common.Query", "Cpm.Common.Query\Cpm.Common.Query.csproj", "{B45EBB29-AEB8-4D0A-945F-D4EB391678D2}"
EndProject
Global
	GlobalSection(SolutionConfigurationPlatforms) = preSolution
		Debug|Any CPU = Debug|Any CPU
		Release|Any CPU = Release|Any CPU
	EndGlobalSection
	GlobalSection(ProjectConfigurationPlatforms) = postSolution
		{D70D4D9F-B269-4983-BF47-AD1B30363DF3}.Debug|Any CPU.ActiveCfg = Debug|Any CPU
		{D70D4D9F-B269-4983-BF47-AD1B30363DF3}.Debug|Any CPU.Build.0 = Debug|Any CPU
		{D70D4D9F-B269-4983-BF47-AD1B30363DF3}.Release|Any CPU.ActiveCfg = Release|Any CPU
		{D70D4D9F-B269-4983-BF47-AD1B30363DF3}.Release|Any CPU.Build.0 = Release|Any CPU
		{B45EBB29-AEB8-4D0A-945F-D4EB391678D2}.Debug|Any CPU.ActiveCfg = Debug|Any CPU
		{B45EBB29-AEB8-4D0A-945F-D4EB391678D2}.Debug|Any CPU.Build.0 = Debug|Any CPU
		{B45EBB29-AEB8-4D0A-945F-D4EB391678D2}.Release|Any CPU.ActiveCfg = Release|Any CPU
		{B45EBB29-AEB8-4D0A-945F-D4EB391678D2}.Release|Any CPU.Build.0 = Release|Any CPU
	EndGlobalSection
EndGlobal
